// !$*UTF8*$!
{
	archiveVersion = 1;
	classes = {
	};
	objectVersion = 46;
	objects = {

/* Begin PBXBuildFile section */
		85ED66651E39BF9A009BDAEC /* main.m in Sources */ = {isa = PBXBuildFile; fileRef = 85ED66641E39BF9A009BDAEC /* main.m */; };
		85ED66681E39BF9A009BDAEC /* AppDelegate.m in Sources */ = {isa = PBXBuildFile; fileRef = 85ED66671E39BF9A009BDAEC /* AppDelegate.m */; };
		85ED666B1E39BF9A009BDAEC /* ViewController.m in Sources */ = {isa = PBXBuildFile; fileRef = 85ED666A1E39BF9A009BDAEC /* ViewController.m */; };
		85ED666E1E39BF9A009BDAEC /* Main.storyboard in Resources */ = {isa = PBXBuildFile; fileRef = 85ED666C1E39BF9A009BDAEC /* Main.storyboard */; };
		85ED66701E39BF9A009BDAEC /* Assets.xcassets in Resources */ = {isa = PBXBuildFile; fileRef = 85ED666F1E39BF9A009BDAEC /* Assets.xcassets */; };
		85ED66731E39BF9A009BDAEC /* LaunchScreen.storyboard in Resources */ = {isa = PBXBuildFile; fileRef = 85ED66711E39BF9A009BDAEC /* LaunchScreen.storyboard */; };
/* End PBXBuildFile section */

/* Begin PBXFileReference section */
		85ED66601E39BF9A009BDAEC /* WBW_AOP(线下bug处理).app */ = {isa = PBXFileReference; explicitFileType = wrapper.application; includeInIndex = 0; path = "WBW_AOP(线下bug处理).app"; sourceTree = BUILT_PRODUCTS_DIR; };
		85ED66641E39BF9A009BDAEC /* main.m */ = {isa = PBXFileReference; lastKnownFileType = sourcecode.c.objc; path = main.m; sourceTree = "<group>"; };
		85ED66661E39BF9A009BDAEC /* AppDelegate.h */ = {isa = PBXFileReference; lastKnownFileType = sourcecode.c.h; path = AppDelegate.h; sourceTree = "<group>"; };
		85ED66671E39BF9A009BDAEC /* AppDelegate.m */ = {isa = PBXFileReference; lastKnownFileType = sourcecode.c.objc; path = AppDelegate.m; sourceTree = "<group>"; };
		85ED66691E39BF9A009BDAEC /* ViewController.h */ = {isa = PBXFileReference; lastKnownFileType = sourcecode.c.h; path = ViewController.h; sourceTree = "<group>"; };
		85ED666A1E39BF9A009BDAEC /* ViewController.m */ = {isa = PBXFileReference; lastKnownFileType = sourcecode.c.objc; path = ViewController.m; sourceTree = "<group>"; };
		85ED666D1E39BF9A009BDAEC /* Base */ = {isa = PBXFileReference; lastKnownFileType = file.storyboard; name = Base; path = Base.lproj/Main.storyboard; sourceTree = "<group>"; };
		85ED666F1E39BF9A009BDAEC /* Assets.xcassets */ = {isa = PBXFileReference; lastKnownFileType = folder.assetcatalog; path = Assets.xcassets; sourceTree = "<group>"; };
		85ED66721E39BF9A009BDAEC /* Base */ = {isa = PBXFileReference; lastKnownFileType = file.storyboard; name = Base; path = Base.lproj/LaunchScreen.storyboard; sourceTree = "<group>"; };
		85ED66741E39BF9A009BDAEC /* Info.plist */ = {isa = PBXFileReference; lastKnownFileType = text.plist.xml; path = Info.plist; sourceTree = "<group>"; };
/* End PBXFileReference section */

/* Begin PBXFrameworksBuildPhase section */
		85ED665D1E39BF9A009BDAEC /* Frameworks */ = {
			isa = PBXFrameworksBuildPhase;
			buildActionMask = 2147483647;
			files = (
			);
			runOnlyForDeploymentPostprocessing = 0;
		};
/* End PBXFrameworksBuildPhase section */

/* Begin PBXGroup section */
		85ED66571E39BF9A009BDAEC = {
			isa = PBXGroup;
			children = (
				85ED66621E39BF9A009BDAEC /* WBW_AOP(线下bug处理) */,
				85ED66611E39BF9A009BDAEC /* Products */,
			);
			sourceTree = "<group>";
		};
		85ED66611E39BF9A009BDAEC /* Products */ = {
			isa = PBXGroup;
			children = (
				85ED66601E39BF9A009BDAEC /* WBW_AOP(线下bug处理).app */,
			);
			name = Products;
			sourceTree = "<group>";
		};
		85ED66621E39BF9A009BDAEC /* WBW_AOP(线下bug处理) */ = {
			isa = PBXGroup;
			children = (
				85ED66661E39BF9A009BDAEC /* AppDelegate.h */,
				85ED66671E39BF9A009BDAEC /* AppDelegate.m */,
				85ED66691E39BF9A009BDAEC /* ViewController.h */,
				85ED666A1E39BF9A009BDAEC /* ViewController.m */,
				85ED666C1E39BF9A009BDAEC /* Main.storyboard */,
				85ED666F1E39BF9A009BDAEC /* Assets.xcassets */,
				85ED66711E39BF9A009BDAEC /* LaunchScreen.storyboard */,
				85ED66741E39BF9A009BDAEC /* Info.plist */,
				85ED66631E39BF9A009BDAEC /* Supporting Files */,
			);
			path = "WBW_AOP(线下bug处理)";
			sourceTree = "<group>";
		};
		85ED66631E39BF9A009BDAEC /* Supporting Files */ = {
			isa = PBXGroup;
			children = (
				85ED66641E39BF9A009BDAEC /* main.m */,
			);
			name = "Supporting Files";
			sourceTree = "<group>";
		};
/* End PBXGroup section */

/* Begin PBXNativeTarget section */
		85ED665F1E39BF9A009BDAEC /* WBW_AOP(线下bug处理) */ = {
			isa = PBXNativeTarget;
			buildConfigurationList = 85ED66771E39BF9A009BDAEC /* Build configuration list for PBXNativeTarget "WBW_AOP(线下bug处理)" */;
			buildPhases = (
				85ED665C1E39BF9A009BDAEC /* Sources */,
				85ED665D1E39BF9A009BDAEC /* Frameworks */,
				85ED665E1E39BF9A009BDAEC /* Resources */,
			);
			buildRules = (
			);
			dependencies = (
			);
			name = "WBW_AOP(线下bug处理)";
			productName = "WBW_AOP(线下bug处理)";
			productReference = 85ED66601E39BF9A009BDAEC /* WBW_AOP(线下bug处理).app */;
			productType = "com.apple.product-type.application";
		};
/* End PBXNativeTarget section */

/* Begin PBXProject section */
		85ED66581E39BF9A009BDAEC /* Project object */ = {
			isa = PBXProject;
			attributes = {
				LastUpgradeCheck = 0820;
				ORGANIZATIONNAME = "汪博文";
				TargetAttributes = {
					85ED665F1E39BF9A009BDAEC = {
						CreatedOnToolsVersion = 8.2;
						ProvisioningStyle = Automatic;
					};
				};
			};
			buildConfigurationList = 85ED665B1E39BF9A009BDAEC /* Build configuration list for PBXProject "WBW_AOP(线下bug处理)" */;
			compatibilityVersion = "Xcode 3.2";
			developmentRegion = English;
			hasScannedForEncodings = 0;
			knownRegions = (
				en,
				Base,
			);
			mainGroup = 85ED66571E39BF9A009BDAEC;
			productRefGroup = 85ED66611E39BF9A009BDAEC /* Products */;
			projectDirPath = "";
			projectRoot = "";
			targets = (
				85ED665F1E39BF9A009BDAEC /* WBW_AOP(线下bug处理) */,
			);
		};
/* End PBXProject section */

/* Begin PBXResourcesBuildPhase section */
		85ED665E1E39BF9A009BDAEC /* Resources */ = {
			isa = PBXResourcesBuildPhase;
			buildActionMask = 2147483647;
			files = (
				85ED66731E39BF9A009BDAEC /* LaunchScreen.storyboard in Resources */,
				85ED66701E39BF9A009BDAEC /* Assets.xcassets in Resources */,
				85ED666E1E39BF9A009BDAEC /* Main.storyboard in Resources */,
			);
			runOnlyForDeploymentPostprocessing = 0;
		};
/* End PBXResourcesBuildPhase section */

/* Begin PBXSourcesBuildPhase section */
		85ED665C1E39BF9A009BDAEC /* Sources */ = {
			isa = PBXSourcesBuildPhase;
			buildActionMask = 2147483647;
			files = (
				85ED666B1E39BF9A009BDAEC /* ViewController.m in Sources */,
				85ED66681E39BF9A009BDAEC /* AppDelegate.m in Sources */,
				85ED66651E39BF9A009BDAEC /* main.m in Sources */,
			);
			runOnlyForDeploymentPostprocessing = 0;
		};
/* End PBXSourcesBuildPhase section */

/* Begin PBXVariantGroup section */
		85ED666C1E39BF9A009BDAEC /* Main.storyboard */ = {
			isa = PBXVariantGroup;
			children = (
				85ED666D1E39BF9A009BDAEC /* Base */,
			);
			name = Main.storyboard;
			sourceTree = "<group>";
		};
		85ED66711E39BF9A009BDAEC /* LaunchScreen.storyboard */ = {
			isa = PBXVariantGroup;
			children = (
				85ED66721E39BF9A009BDAEC /* Base */,
			);
			name = LaunchScreen.storyboard;
			sourceTree = "<group>";
		};
/* End PBXVariantGroup section */

/* Begin XCBuildConfiguration section */
		85ED66751E39BF9A009BDAEC /* Debug */ = {
			isa = XCBuildConfiguration;
			buildSettings = {
				ALWAYS_SEARCH_USER_PATHS = NO;
				CLANG_ANALYZER_NONNULL = YES;
				CLANG_CXX_LANGUAGE_STANDARD = "gnu++0x";
				CLANG_CXX_LIBRARY = "libc++";
				CLANG_ENABLE_MODULES = YES;
				CLANG_ENABLE_OBJC_ARC = YES;
				CLANG_WARN_BOOL_CONVERSION = YES;
				CLANG_WARN_CONSTANT_CONVERSION = YES;
				CLANG_WARN_DIRECT_OBJC_ISA_USAGE = YES_ERROR;
				CLANG_WARN_DOCUMENTATION_COMMENTS = YES;
				CLANG_WARN_EMPTY_BODY = YES;
				CLANG_WARN_ENUM_CONVERSION = YES;
				CLANG_WARN_INFINITE_RECURSION = YES;
				CLANG_WARN_INT_CONVERSION = YES;
				CLANG_WARN_OBJC_ROOT_CLASS = YES_ERROR;
				CLANG_WARN_SUSPICIOUS_MOVE = YES;
				CLANG_WARN_UNREACHABLE_CODE = YES;
				CLANG_WARN__DUPLICATE_METHOD_MATCH = YES;
				"CODE_SIGN_IDENTITY[sdk=iphoneos*]" = "iPhone Developer";
				COPY_PHASE_STRIP = NO;
				DEBUG_INFORMATION_FORMAT = dwarf;
				ENABLE_STRICT_OBJC_MSGSEND = YES;
				ENABLE_TESTABILITY = YES;
				GCC_C_LANGUAGE_STANDARD = gnu99;
				GCC_DYNAMIC_NO_PIC = NO;
				GCC_NO_COMMON_BLOCKS = YES;
				GCC_OPTIMIZATION_LEVEL = 0;
				GCC_PREPROCESSOR_DEFINITIONS = (
					"DEBUG=1",
					"$(inherited)",
				);
				GCC_WARN_64_TO_32_BIT_CONVERSION = YES;
				GCC_WARN_ABOUT_RETURN_TYPE = YES_ERROR;
				GCC_WARN_UNDECLARED_SELECTOR = YES;
				GCC_WARN_UNINITIALIZED_AUTOS = YES_AGGRESSIVE;
				GCC_WARN_UNUSED_FUNCTION = YES;
				GCC_WARN_UNUSED_VARIABLE = YES;
				IPHONEOS_DEPLOYMENT_TARGET = 10.2;
				MTL_ENABLE_DEBUG_INFO = YES;
				ONLY_ACTIVE_ARCH = YES;
				SDKROOT = iphoneos;
				TARGETED_DEVICE_FAMILY = "1,2";
			};
			name = Debug;
		};
		85ED66761E39BF9A009BDAEC /* Release */ = {
			isa = XCBuildConfiguration;
			buildSettings = {
				ALWAYS_SEARCH_USER_PATHS = NO;
				CLANG_ANALYZER_NONNULL = YES;
				CLANG_CXX_LANGUAGE_STANDARD = "gnu++0x";
				CLANG_CXX_LIBRARY = "libc++";
				CLANG_ENABLE_MODULES = YES;
				CLANG_ENABLE_OBJC_ARC = YES;
				CLANG_WARN_BOOL_CONVERSION = YES;
				CLANG_WARN_CONSTANT_CONVERSION = YES;
				CLANG_WARN_DIRECT_OBJC_ISA_USAGE = YES_ERROR;
				CLANG_WARN_DOCUMENTATION_COMMENTS = YES;
				CLANG_WARN_EMPTY_BODY = YES;
				CLANG_WARN_ENUM_CONVERSION = YES;
				CLANG_WARN_INFINITE_RECURSION = YES;
				CLANG_WARN_INT_CONVERSION = YES;
				CLANG_WARN_OBJC_ROOT_CLASS = YES_ERROR;
				CLANG_WARN_SUSPICIOUS_MOVE = YES;
				CLANG_WARN_UNREACHABLE_CODE = YES;
				CLANG_WARN__DUPLICATE_METHOD_MATCH = YES;
				"CODE_SIGN_IDENTITY[sdk=iphoneos*]" = "iPhone Developer";
				COPY_PHASE_STRIP = NO;
				DEBUG_INFORMATION_FORMAT = "dwarf-with-dsym";
				ENABLE_NS_ASSERTIONS = NO;
				ENABLE_STRICT_OBJC_MSGSEND = YES;
				GCC_C_LANGUAGE_STANDARD = gnu99;
				GCC_NO_COMMON_BLOCKS = YES;
				GCC_WARN_64_TO_32_BIT_CONVERSION = YES;
				GCC_WARN_ABOUT_RETURN_TYPE = YES_ERROR;
				GCC_WARN_UNDECLARED_SELECTOR = YES;
				GCC_WARN_UNINITIALIZED_AUTOS = YES_AGGRESSIVE;
				GCC_WARN_UNUSED_FUNCTION = YES;
				GCC_WARN_UNUSED_VARIABLE = YES;
				IPHONEOS_DEPLOYMENT_TARGET = 10.2;
				MTL_ENABLE_DEBUG_INFO = NO;
				SDKROOT = iphoneos;
				TARGETED_DEVICE_FAMILY = "1,2";
				VALIDATE_PRODUCT = YES;
			};
			name = Release;
		};
		85ED66781E39BF9A009BDAEC /* Debug */ = {
			isa = XCBuildConfiguration;
			buildSettings = {
				ASSETCATALOG_COMPILER_APPICON_NAME = AppIcon;
				INFOPLIST_FILE = "WBW_AOP(线下bug处理)/Info.plist";
				LD_RUNPATH_SEARCH_PATHS = "$(inherited) @executable_path/Frameworks";
				PRODUCT_BUNDLE_IDENTIFIER = "com.wangbowen.www.WBW-AOP---bug---";
				PRODUCT_NAME = "$(TARGET_NAME)";
			};
			name = Debug;
		};
		85ED66791E39BF9A009BDAEC /* Release */ = {
			isa = XCBuildConfiguration;
			buildSettings = {
				ASSETCATALOG_COMPILER_APPICON_NAME = AppIcon;
				INFOPLIST_FILE = "WBW_AOP(线下bug处理)/Info.plist";
				LD_RUNPATH_SEARCH_PATHS = "$(inherited) @executable_path/Frameworks";
				PRODUCT_BUNDLE_IDENTIFIER = "com.wangbowen.www.WBW-AOP---bug---";
				PRODUCT_NAME = "$(TARGET_NAME)";
			};
			name = Release;
		};
/* End XCBuildConfiguration section */

/* Begin XCConfigurationList section */
		85ED665B1E39BF9A009BDAEC /* Build configuration list for PBXProject "WBW_AOP(线下bug处理)" */ = {
			isa = XCConfigurationList;
			buildConfigurations = (
				85ED66751E39BF9A009BDAEC /* Debug */,
				85ED66761E39BF9A009BDAEC /* Release */,
			);
			defaultConfigurationIsVisible = 0;
			defaultConfigurationName = Release;
		};
		85ED66771E39BF9A009BDAEC /* Build configuration list for PBXNativeTarget "WBW_AOP(线下bug处理)" */ = {
			isa = XCConfigurationList;
			buildConfigurations = (
				85ED66781E39BF9A009BDAEC /* Debug */,
				85ED66791E39BF9A009BDAEC /* Release */,
			);
			defaultConfigurationIsVisible = 0;
		};
/* End XCConfigurationList section */
	};
	rootObject = 85ED66581E39BF9A009BDAEC /* Project object */;
}
